// !$*UTF8*$!
{
	archiveVersion = 1;
	classes = {
	};
	objectVersion = 50;
	objects = {

/* Begin PBXBuildFile section */
		CBC1047021D61055006B3861 /* AppDelegate.m in Sources */ = {isa = PBXBuildFile; fileRef = CBC1046F21D61055006B3861 /* AppDelegate.m */; };
		CBC1047321D61055006B3861 /* ViewController.m in Sources */ = {isa = PBXBuildFile; fileRef = CBC1047221D61055006B3861 /* ViewController.m */; };
		CBC1047621D61055006B3861 /* Main.storyboard in Resources */ = {isa = PBXBuildFile; fileRef = CBC1047421D61055006B3861 /* Main.storyboard */; };
		CBC1047821D6105B006B3861 /* Assets.xcassets in Resources */ = {isa = PBXBuildFile; fileRef = CBC1047721D6105B006B3861 /* Assets.xcassets */; };
		CBC1047B21D6105B006B3861 /* LaunchScreen.storyboard in Resources */ = {isa = PBXBuildFile; fileRef = CBC1047921D6105B006B3861 /* LaunchScreen.storyboard */; };
		CBC1047E21D6105B006B3861 /* main.m in Sources */ = {isa = PBXBuildFile; fileRef = CBC1047D21D6105B006B3861 /* main.m */; };
		CBC1048821D6105B006B3861 /* DemoTests.m in Sources */ = {isa = PBXBuildFile; fileRef = CBC1048721D6105B006B3861 /* DemoTests.m */; };
		CBC1049321D6105B006B3861 /* DemoUITests.m in Sources */ = {isa = PBXBuildFile; fileRef = CBC1049221D6105B006B3861 /* DemoUITests.m */; };
/* End PBXBuildFile section */

/* Begin PBXContainerItemProxy section */
		CBC1048421D6105B006B3861 /* PBXContainerItemProxy */ = {
			isa = PBXContainerItemProxy;
			containerPortal = CBC1046321D61055006B3861 /* Project object */;
			proxyType = 1;
			remoteGlobalIDString = CBC1046A21D61055006B3861;
			remoteInfo = Demo;
		};
		CBC1048F21D6105B006B3861 /* PBXContainerItemProxy */ = {
			isa = PBXContainerItemProxy;
			containerPortal = CBC1046321D61055006B3861 /* Project object */;
			proxyType = 1;
			remoteGlobalIDString = CBC1046A21D61055006B3861;
			remoteInfo = Demo;
		};
/* End PBXContainerItemProxy section */

/* Begin PBXFileReference section */
		CBC1046B21D61055006B3861 /* Demo.app */ = {isa = PBXFileReference; explicitFileType = wrapper.application; includeInIndex = 0; path = Demo.app; sourceTree = BUILT_PRODUCTS_DIR; };
		CBC1046E21D61055006B3861 /* AppDelegate.h */ = {isa = PBXFileReference; lastKnownFileType = sourcecode.c.h; path = AppDelegate.h; sourceTree = "<group>"; };
		CBC1046F21D61055006B3861 /* AppDelegate.m */ = {isa = PBXFileReference; lastKnownFileType = sourcecode.c.objc; path = AppDelegate.m; sourceTree = "<group>"; };
		CBC1047121D61055006B3861 /* ViewController.h */ = {isa = PBXFileReference; lastKnownFileType = sourcecode.c.h; path = ViewController.h; sourceTree = "<group>"; };
		CBC1047221D61055006B3861 /* ViewController.m */ = {isa = PBXFileReference; lastKnownFileType = sourcecode.c.objc; path = ViewController.m; sourceTree = "<group>"; };
		CBC1047521D61055006B3861 /* Base */ = {isa = PBXFileReference; lastKnownFileType = file.storyboard; name = Base; path = Base.lproj/Main.storyboard; sourceTree = "<group>"; };
		CBC1047721D6105B006B3861 /* Assets.xcassets */ = {isa = PBXFileReference; lastKnownFileType = folder.assetcatalog; path = Assets.xcassets; sourceTree = "<group>"; };
		CBC1047A21D6105B006B3861 /* Base */ = {isa = PBXFileReference; lastKnownFileType = file.storyboard; name = Base; path = Base.lproj/LaunchScreen.storyboard; sourceTree = "<group>"; };
		CBC1047C21D6105B006B3861 /* Info.plist */ = {isa = PBXFileReference; lastKnownFileType = text.plist.xml; path = Info.plist; sourceTree = "<group>"; };
		CBC1047D21D6105B006B3861 /* main.m */ = {isa = PBXFileReference; lastKnownFileType = sourcecode.c.objc; path = main.m; sourceTree = "<group>"; };
		CBC1048321D6105B006B3861 /* DemoTests.xctest */ = {isa = PBXFileReference; explicitFileType = wrapper.cfbundle; includeInIndex = 0; path = DemoTests.xctest; sourceTree = BUILT_PRODUCTS_DIR; };
		CBC1048721D6105B006B3861 /* DemoTests.m */ = {isa = PBXFileReference; lastKnownFileType = sourcecode.c.objc; path = DemoTests.m; sourceTree = "<group>"; };
		CBC1048921D6105B006B3861 /* Info.plist */ = {isa = PBXFileReference; lastKnownFileType = text.plist.xml; path = Info.plist; sourceTree = "<group>"; };
		CBC1048E21D6105B006B3861 /* DemoUITests.xctest */ = {isa = PBXFileReference; explicitFileType = wrapper.cfbundle; includeInIndex = 0; path = DemoUITests.xctest; sourceTree = BUILT_PRODUCTS_DIR; };
		CBC1049221D6105B006B3861 /* DemoUITests.m */ = {isa = PBXFileReference; lastKnownFileType = sourcecode.c.objc; path = DemoUITests.m; sourceTree = "<group>"; };
		CBC1049421D6105B006B3861 /* Info.plist */ = {isa = PBXFileReference; lastKnownFileType = text.plist.xml; path = Info.plist; sourceTree = "<group>"; };
/* End PBXFileReference section */

/* Begin PBXFrameworksBuildPhase section */
		CBC1046821D61055006B3861 /* Frameworks */ = {
			isa = PBXFrameworksBuildPhase;
			buildActionMask = 2147483647;
			files = (
			);
			runOnlyForDeploymentPostprocessing = 0;
		};
		CBC1048021D6105B006B3861 /* Frameworks */ = {
			isa = PBXFrameworksBuildPhase;
			buildActionMask = 2147483647;
			files = (
			);
			runOnlyForDeploymentPostprocessing = 0;
		};
		CBC1048B21D6105B006B3861 /* Frameworks */ = {
			isa = PBXFrameworksBuildPhase;
			buildActionMask = 2147483647;
			files = (
			);
			runOnlyForDeploymentPostprocessing = 0;
		};
/* End PBXFrameworksBuildPhase section */

/* Begin PBXGroup section */
		CBC1046221D61055006B3861 = {
			isa = PBXGroup;
			children = (
				CBC1046D21D61055006B3861 /* Demo */,
				CBC1048621D6105B006B3861 /* DemoTests */,
				CBC1049121D6105B006B3861 /* DemoUITests */,
				CBC1046C21D61055006B3861 /* Products */,
			);
			sourceTree = "<group>";
		};
		CBC1046C21D61055006B3861 /* Products */ = {
			isa = PBXGroup;
			children = (
				CBC1046B21D61055006B3861 /* Demo.app */,
				CBC1048321D6105B006B3861 /* DemoTests.xctest */,
				CBC1048E21D6105B006B3861 /* DemoUITests.xctest */,
			);
			name = Products;
			sourceTree = "<group>";
		};
		CBC1046D21D61055006B3861 /* Demo */ = {
			isa = PBXGroup;
			children = (
				CBC1046E21D61055006B3861 /* AppDelegate.h */,
				CBC1046F21D61055006B3861 /* AppDelegate.m */,
				CBC1047121D61055006B3861 /* ViewController.h */,
				CBC1047221D61055006B3861 /* ViewController.m */,
				CBC1047421D61055006B3861 /* Main.storyboard */,
				CBC1047721D6105B006B3861 /* Assets.xcassets */,
				CBC1047921D6105B006B3861 /* LaunchScreen.storyboard */,
				CBC1047C21D6105B006B3861 /* Info.plist */,
				CBC1047D21D6105B006B3861 /* main.m */,
			);
			path = Demo;
			sourceTree = "<group>";
		};
		CBC1048621D6105B006B3861 /* DemoTests */ = {
			isa = PBXGroup;
			children = (
				CBC1048721D6105B006B3861 /* DemoTests.m */,
				CBC1048921D6105B006B3861 /* Info.plist */,
			);
			path = DemoTests;
			sourceTree = "<group>";
		};
		CBC1049121D6105B006B3861 /* DemoUITests */ = {
			isa = PBXGroup;
			children = (
				CBC1049221D6105B006B3861 /* DemoUITests.m */,
				CBC1049421D6105B006B3861 /* Info.plist */,
			);
			path = DemoUITests;
			sourceTree = "<group>";
		};
/* End PBXGroup section */

/* Begin PBXNativeTarget section */
		CBC1046A21D61055006B3861 /* Demo */ = {
			isa = PBXNativeTarget;
			buildConfigurationList = CBC1049721D6105B006B3861 /* Build configuration list for PBXNativeTarget "Demo" */;
			buildPhases = (
				CBC1046721D61055006B3861 /* Sources */,
				CBC1046821D61055006B3861 /* Frameworks */,
				CBC1046921D61055006B3861 /* Resources */,
			);
			buildRules = (
			);
			dependencies = (
			);
			name = Demo;
			productName = Demo;
			productReference = CBC1046B21D61055006B3861 /* Demo.app */;
			productType = "com.apple.product-type.application";
		};
		CBC1048221D6105B006B3861 /* DemoTests */ = {
			isa = PBXNativeTarget;
			buildConfigurationList = CBC1049A21D6105B006B3861 /* Build configuration list for PBXNativeTarget "DemoTests" */;
			buildPhases = (
				CBC1047F21D6105B006B3861 /* Sources */,
				CBC1048021D6105B006B3861 /* Frameworks */,
				CBC1048121D6105B006B3861 /* Resources */,
			);
			buildRules = (
			);
			dependencies = (
				CBC1048521D6105B006B3861 /* PBXTargetDependency */,
			);
			name = DemoTests;
			productName = DemoTests;
			productReference = CBC1048321D6105B006B3861 /* DemoTests.xctest */;
			productType = "com.apple.product-type.bundle.unit-test";
		};
		CBC1048D21D6105B006B3861 /* DemoUITests */ = {
			isa = PBXNativeTarget;
			buildConfigurationList = CBC1049D21D6105B006B3861 /* Build configuration list for PBXNativeTarget "DemoUITests" */;
			buildPhases = (
				CBC1048A21D6105B006B3861 /* Sources */,
				CBC1048B21D6105B006B3861 /* Frameworks */,
				CBC1048C21D6105B006B3861 /* Resources */,
			);
			buildRules = (
			);
			dependencies = (
				CBC1049021D6105B006B3861 /* PBXTargetDependency */,
			);
			name = DemoUITests;
			productName = DemoUITests;
			productReference = CBC1048E21D6105B006B3861 /* DemoUITests.xctest */;
			productType = "com.apple.product-type.bundle.ui-testing";
		};
/* End PBXNativeTarget section */

/* Begin PBXProject section */
		CBC1046321D61055006B3861 /* Project object */ = {
			isa = PBXProject;
			attributes = {
				LastUpgradeCheck = 1010;
				ORGANIZATIONNAME = YouDianAd;
				TargetAttributes = {
					CBC1046A21D61055006B3861 = {
						CreatedOnToolsVersion = 10.1;
					};
					CBC1048221D6105B006B3861 = {
						CreatedOnToolsVersion = 10.1;
						TestTargetID = CBC1046A21D61055006B3861;
					};
					CBC1048D21D6105B006B3861 = {
						CreatedOnToolsVersion = 10.1;
						TestTargetID = CBC1046A21D61055006B3861;
					};
				};
			};
			buildConfigurationList = CBC1046621D61055006B3861 /* Build configuration list for PBXProject "Demo" */;
			compatibilityVersion = "Xcode 9.3";
			developmentRegion = en;
			hasScannedForEncodings = 0;
			knownRegions = (
				en,
				Base,
			);
			mainGroup = CBC1046221D61055006B3861;
			productRefGroup = CBC1046C21D61055006B3861 /* Products */;
			projectDirPath = "";
			projectRoot = "";
			targets = (
				CBC1046A21D61055006B3861 /* Demo */,
				CBC1048221D6105B006B3861 /* DemoTests */,
				CBC1048D21D6105B006B3861 /* DemoUITests */,
			);
		};
/* End PBXProject section */

/* Begin PBXResourcesBuildPhase section */
		CBC1046921D61055006B3861 /* Resources */ = {
			isa = PBXResourcesBuildPhase;
			buildActionMask = 2147483647;
			files = (
				CBC1047B21D6105B006B3861 /* LaunchScreen.storyboard in Resources */,
				CBC1047821D6105B006B3861 /* Assets.xcassets in Resources */,
				CBC1047621D61055006B3861 /* Main.storyboard in Resources */,
			);
			runOnlyForDeploymentPostprocessing = 0;
		};
		CBC1048121D6105B006B3861 /* Resources */ = {
			isa = PBXResourcesBuildPhase;
			buildActionMask = 2147483647;
			files = (
			);
			runOnlyForDeploymentPostprocessing = 0;
		};
		CBC1048C21D6105B006B3861 /* Resources */ = {
			isa = PBXResourcesBuildPhase;
			buildActionMask = 2147483647;
			files = (
			);
			runOnlyForDeploymentPostprocessing = 0;
		};
/* End PBXResourcesBuildPhase section */

/* Begin PBXSourcesBuildPhase section */
		CBC1046721D61055006B3861 /* Sources */ = {
			isa = PBXSourcesBuildPhase;
			buildActionMask = 2147483647;
			files = (
				CBC1047321D61055006B3861 /* ViewController.m in Sources */,
				CBC1047E21D6105B006B3861 /* main.m in Sources */,
				CBC1047021D61055006B3861 /* AppDelegate.m in Sources */,
			);
			runOnlyForDeploymentPostprocessing = 0;
		};
		CBC1047F21D6105B006B3861 /* Sources */ = {
			isa = PBXSourcesBuildPhase;
			buildActionMask = 2147483647;
			files = (
				CBC1048821D6105B006B3861 /* DemoTests.m in Sources */,
			);
			runOnlyForDeploymentPostprocessing = 0;
		};
		CBC1048A21D6105B006B3861 /* Sources */ = {
			isa = PBXSourcesBuildPhase;
			buildActionMask = 2147483647;
			files = (
				CBC1049321D6105B006B3861 /* DemoUITests.m in Sources */,
			);
			runOnlyForDeploymentPostprocessing = 0;
		};
/* End PBXSourcesBuildPhase section */

/* Begin PBXTargetDependency section */
		CBC1048521D6105B006B3861 /* PBXTargetDependency */ = {
			isa = PBXTargetDependency;
			target = CBC1046A21D61055006B3861 /* Demo */;
			targetProxy = CBC1048421D6105B006B3861 /* PBXContainerItemProxy */;
		};
		CBC1049021D6105B006B3861 /* PBXTargetDependency */ = {
			isa = PBXTargetDependency;
			target = CBC1046A21D61055006B3861 /* Demo */;
			targetProxy = CBC1048F21D6105B006B3861 /* PBXContainerItemProxy */;
		};
/* End PBXTargetDependency section */

/* Begin PBXVariantGroup section */
		CBC1047421D61055006B3861 /* Main.storyboard */ = {
			isa = PBXVariantGroup;
			children = (
				CBC1047521D61055006B3861 /* Base */,
			);
			name = Main.storyboard;
			sourceTree = "<group>";
		};
		CBC1047921D6105B006B3861 /* LaunchScreen.storyboard */ = {
			isa = PBXVariantGroup;
			children = (
				CBC1047A21D6105B006B3861 /* Base */,
			);
			name = LaunchScreen.storyboard;
			sourceTree = "<group>";
		};
/* End PBXVariantGroup section */

/* Begin XCBuildConfiguration section */
		CBC1049521D6105B006B3861 /* Debug */ = {
			isa = XCBuildConfiguration;
			buildSettings = {
				ALWAYS_SEARCH_USER_PATHS = NO;
				CLANG_ANALYZER_NONNULL = YES;
				CLANG_ANALYZER_NUMBER_OBJECT_CONVERSION = YES_AGGRESSIVE;
				CLANG_CXX_LANGUAGE_STANDARD = "gnu++14";
				CLANG_CXX_LIBRARY = "libc++";
				CLANG_ENABLE_MODULES = YES;
				CLANG_ENABLE_OBJC_ARC = YES;
				CLANG_ENABLE_OBJC_WEAK = YES;
				CLANG_WARN_BLOCK_CAPTURE_AUTORELEASING = YES;
				CLANG_WARN_BOOL_CONVERSION = YES;
				CLANG_WARN_COMMA = YES;
				CLANG_WARN_CONSTANT_CONVERSION = YES;
				CLANG_WARN_DEPRECATED_OBJC_IMPLEMENTATIONS = YES;
				CLANG_WARN_DIRECT_OBJC_ISA_USAGE = YES_ERROR;
				CLANG_WARN_DOCUMENTATION_COMMENTS = YES;
				CLANG_WARN_EMPTY_BODY = YES;
				CLANG_WARN_ENUM_CONVERSION = YES;
				CLANG_WARN_INFINITE_RECURSION = YES;
				CLANG_WARN_INT_CONVERSION = YES;
				CLANG_WARN_NON_LITERAL_NULL_CONVERSION = YES;
				CLANG_WARN_OBJC_IMPLICIT_RETAIN_SELF = YES;
				CLANG_WARN_OBJC_LITERAL_CONVERSION = YES;
				CLANG_WARN_OBJC_ROOT_CLASS = YES_ERROR;
				CLANG_WARN_RANGE_LOOP_ANALYSIS = YES;
				CLANG_WARN_STRICT_PROTOTYPES = YES;
				CLANG_WARN_SUSPICIOUS_MOVE = YES;
				CLANG_WARN_UNGUARDED_AVAILABILITY = YES_AGGRESSIVE;
				CLANG_WARN_UNREACHABLE_CODE = YES;
				CLANG_WARN__DUPLICATE_METHOD_MATCH = YES;
				CODE_SIGN_IDENTITY = "iPhone Developer";
				COPY_PHASE_STRIP = NO;
				DEBUG_INFORMATION_FORMAT = dwarf;
				ENABLE_STRICT_OBJC_MSGSEND = YES;
				ENABLE_TESTABILITY = YES;
				GCC_C_LANGUAGE_STANDARD = gnu11;
				GCC_DYNAMIC_NO_PIC = NO;
				GCC_NO_COMMON_BLOCKS = YES;
				GCC_OPTIMIZATION_LEVEL = 0;
				GCC_PREPROCESSOR_DEFINITIONS = (
					"DEBUG=1",
					"$(inherited)",
				);
				GCC_WARN_64_TO_32_BIT_CONVERSION = YES;
				GCC_WARN_ABOUT_RETURN_TYPE = YES_ERROR;
				GCC_WARN_UNDECLARED_SELECTOR = YES;
				GCC_WARN_UNINITIALIZED_AUTOS = YES_AGGRESSIVE;
				GCC_WARN_UNUSED_FUNCTION = YES;
				GCC_WARN_UNUSED_VARIABLE = YES;
				IPHONEOS_DEPLOYMENT_TARGET = 12.1;
				MTL_ENABLE_DEBUG_INFO = INCLUDE_SOURCE;
				MTL_FAST_MATH = YES;
				ONLY_ACTIVE_ARCH = YES;
				SDKROOT = iphoneos;
			};
			name = Debug;
		};
		CBC1049621D6105B006B3861 /* Release */ = {
			isa = XCBuildConfiguration;
			buildSettings = {
				ALWAYS_SEARCH_USER_PATHS = NO;
				CLANG_ANALYZER_NONNULL = YES;
				CLANG_ANALYZER_NUMBER_OBJECT_CONVERSION = YES_AGGRESSIVE;
				CLANG_CXX_LANGUAGE_STANDARD = "gnu++14";
				CLANG_CXX_LIBRARY = "libc++";
				CLANG_ENABLE_MODULES = YES;
				CLANG_ENABLE_OBJC_ARC = YES;
				CLANG_ENABLE_OBJC_WEAK = YES;
				CLANG_WARN_BLOCK_CAPTURE_AUTORELEASING = YES;
				CLANG_WARN_BOOL_CONVERSION = YES;
				CLANG_WARN_COMMA = YES;
				CLANG_WARN_CONSTANT_CONVERSION = YES;
				CLANG_WARN_DEPRECATED_OBJC_IMPLEMENTATIONS = YES;
				CLANG_WARN_DIRECT_OBJC_ISA_USAGE = YES_ERROR;
				CLANG_WARN_DOCUMENTATION_COMMENTS = YES;
				CLANG_WARN_EMPTY_BODY = YES;
				CLANG_WARN_ENUM_CONVERSION = YES;
				CLANG_WARN_INFINITE_RECURSION = YES;
				CLANG_WARN_INT_CONVERSION = YES;
				CLANG_WARN_NON_LITERAL_NULL_CONVERSION = YES;
				CLANG_WARN_OBJC_IMPLICIT_RETAIN_SELF = YES;
				CLANG_WARN_OBJC_LITERAL_CONVERSION = YES;
				CLANG_WARN_OBJC_ROOT_CLASS = YES_ERROR;
				CLANG_WARN_RANGE_LOOP_ANALYSIS = YES;
				CLANG_WARN_STRICT_PROTOTYPES = YES;
				CLANG_WARN_SUSPICIOUS_MOVE = YES;
				CLANG_WARN_UNGUARDED_AVAILABILITY = YES_AGGRESSIVE;
				CLANG_WARN_UNREACHABLE_CODE = YES;
				CLANG_WARN__DUPLICATE_METHOD_MATCH = YES;
				CODE_SIGN_IDENTITY = "iPhone Developer";
				COPY_PHASE_STRIP = NO;
				DEBUG_INFORMATION_FORMAT = "dwarf-with-dsym";
				ENABLE_NS_ASSERTIONS = NO;
				ENABLE_STRICT_OBJC_MSGSEND = YES;
				GCC_C_LANGUAGE_STANDARD = gnu11;
				GCC_NO_COMMON_BLOCKS = YES;
				GCC_WARN_64_TO_32_BIT_CONVERSION = YES;
				GCC_WARN_ABOUT_RETURN_TYPE = YES_ERROR;
				GCC_WARN_UNDECLARED_SELECTOR = YES;
				GCC_WARN_UNINITIALIZED_AUTOS = YES_AGGRESSIVE;
				GCC_WARN_UNUSED_FUNCTION = YES;
				GCC_WARN_UNUSED_VARIABLE = YES;
				IPHONEOS_DEPLOYMENT_TARGET = 12.1;
				MTL_ENABLE_DEBUG_INFO = NO;
				MTL_FAST_MATH = YES;
				SDKROOT = iphoneos;
				VALIDATE_PRODUCT = YES;
			};
			name = Release;
		};
		CBC1049821D6105B006B3861 /* Debug */ = {
			isa = XCBuildConfiguration;
			buildSettings = {
				ASSETCATALOG_COMPILER_APPICON_NAME = AppIcon;
				CODE_SIGN_STYLE = Automatic;
				DEVELOPMENT_TEAM = FJMWZ37P3G;
				INFOPLIST_FILE = Demo/Info.plist;
				IPHONEOS_DEPLOYMENT_TARGET = 9.1;
				LD_RUNPATH_SEARCH_PATHS = (
					"$(inherited)",
					"@executable_path/Frameworks",
				);
				PRODUCT_BUNDLE_IDENTIFIER = com.zhyell.Demo;
				PRODUCT_NAME = "$(TARGET_NAME)";
				TARGETED_DEVICE_FAMILY = "1,2";
			};
			name = Debug;
		};
		CBC1049921D6105B006B3861 /* Release */ = {
			isa = XCBuildConfiguration;
			buildSettings = {
				ASSETCATALOG_COMPILER_APPICON_NAME = AppIcon;
				CODE_SIGN_STYLE = Automatic;
				DEVELOPMENT_TEAM = FJMWZ37P3G;
				INFOPLIST_FILE = Demo/Info.plist;
				IPHONEOS_DEPLOYMENT_TARGET = 9.1;
				LD_RUNPATH_SEARCH_PATHS = (
					"$(inherited)",
					"@executable_path/Frameworks",
				);
				PRODUCT_BUNDLE_IDENTIFIER = com.zhyell.Demo;
				PRODUCT_NAME = "$(TARGET_NAME)";
				TARGETED_DEVICE_FAMILY = "1,2";
			};
			name = Release;
		};
		CBC1049B21D6105B006B3861 /* Debug */ = {
			isa = XCBuildConfiguration;
			buildSettings = {
				BUNDLE_LOADER = "$(TEST_HOST)";
				CODE_SIGN_STYLE = Automatic;
				DEVELOPMENT_TEAM = FJMWZ37P3G;
				INFOPLIST_FILE = DemoTests/Info.plist;
				LD_RUNPATH_SEARCH_PATHS = (
					"$(inherited)",
					"@executable_path/Frameworks",
					"@loader_path/Frameworks",
				);
				PRODUCT_BUNDLE_IDENTIFIER = com.zhyell.DemoTests;
				PRODUCT_NAME = "$(TARGET_NAME)";
				TARGETED_DEVICE_FAMILY = "1,2";
				TEST_HOST = "$(BUILT_PRODUCTS_DIR)/Demo.app/Demo";
			};
			name = Debug;
		};
		CBC1049C21D6105B006B3861 /* Release */ = {
			isa = XCBuildConfiguration;
			buildSettings = {
				BUNDLE_LOADER = "$(TEST_HOST)";
				CODE_SIGN_STYLE = Automatic;
				DEVELOPMENT_TEAM = FJMWZ37P3G;
				INFOPLIST_FILE = DemoTests/Info.plist;
				LD_RUNPATH_SEARCH_PATHS = (
					"$(inherited)",
					"@executable_path/Frameworks",
					"@loader_path/Frameworks",
				);
				PRODUCT_BUNDLE_IDENTIFIER = com.zhyell.DemoTests;
				PRODUCT_NAME = "$(TARGET_NAME)";
				TARGETED_DEVICE_FAMILY = "1,2";
				TEST_HOST = "$(BUILT_PRODUCTS_DIR)/Demo.app/Demo";
			};
			name = Release;
		};
		CBC1049E21D6105B006B3861 /* Debug */ = {
			isa = XCBuildConfiguration;
			buildSettings = {
				CODE_SIGN_STYLE = Automatic;
				DEVELOPMENT_TEAM = FJMWZ37P3G;
				INFOPLIST_FILE = DemoUITests/Info.plist;
				LD_RUNPATH_SEARCH_PATHS = (
					"$(inherited)",
					"@executable_path/Frameworks",
					"@loader_path/Frameworks",
				);
				PRODUCT_BUNDLE_IDENTIFIER = com.zhyell.DemoUITests;
				PRODUCT_NAME = "$(TARGET_NAME)";
				TARGETED_DEVICE_FAMILY = "1,2";
				TEST_TARGET_NAME = Demo;
			};
			name = Debug;
		};
		CBC1049F21D6105B006B3861 /* Release */ = {
			isa = XCBuildConfiguration;
			buildSettings = {
				CODE_SIGN_STYLE = Automatic;
				DEVELOPMENT_TEAM = FJMWZ37P3G;
				INFOPLIST_FILE = DemoUITests/Info.plist;
				LD_RUNPATH_SEARCH_PATHS = (
					"$(inherited)",
					"@executable_path/Frameworks",
					"@loader_path/Frameworks",
				);
				PRODUCT_BUNDLE_IDENTIFIER = com.zhyell.DemoUITests;
				PRODUCT_NAME = "$(TARGET_NAME)";
				TARGETED_DEVICE_FAMILY = "1,2";
				TEST_TARGET_NAME = Demo;
			};
			name = Release;
		};
/* End XCBuildConfiguration section */

/* Begin XCConfigurationList section */
		CBC1046621D61055006B3861 /* Build configuration list for PBXProject "Demo" */ = {
			isa = XCConfigurationList;
			buildConfigurations = (
				CBC1049521D6105B006B3861 /* Debug */,
				CBC1049621D6105B006B3861 /* Release */,
			);
			defaultConfigurationIsVisible = 0;
			defaultConfigurationName = Release;
		};
		CBC1049721D6105B006B3861 /* Build configuration list for PBXNativeTarget "Demo" */ = {
			isa = XCConfigurationList;
			buildConfigurations = (
				CBC1049821D6105B006B3861 /* Debug */,
				CBC1049921D6105B006B3861 /* Release */,
			);
			defaultConfigurationIsVisible = 0;
			defaultConfigurationName = Release;
		};
		CBC1049A21D6105B006B3861 /* Build configuration list for PBXNativeTarget "DemoTests" */ = {
			isa = XCConfigurationList;
			buildConfigurations = (
				CBC1049B21D6105B006B3861 /* Debug */,
				CBC1049C21D6105B006B3861 /* Release */,
			);
			defaultConfigurationIsVisible = 0;
			defaultConfigurationName = Release;
		};
		CBC1049D21D6105B006B3861 /* Build configuration list for PBXNativeTarget "DemoUITests" */ = {
			isa = XCConfigurationList;
			buildConfigurations = (
				CBC1049E21D6105B006B3861 /* Debug */,
				CBC1049F21D6105B006B3861 /* Release */,
			);
			defaultConfigurationIsVisible = 0;
			defaultConfigurationName = Release;
		};
/* End XCConfigurationList section */
	};
	rootObject = CBC1046321D61055006B3861 /* Project object */;
}
